
Microsoft Visual Studio Solution File, Format Version 12.00
# Visual Studio Version 17
VisualStudioVersion = 17.5.33424.131
MinimumVisualStudioVersion = 10.0.40219.1
Project("{9A19103F-16F7-4668-BE54-9A1E7A4F7556}") = "dash-aliados", "dash-aliados.csproj", "{50F06C58-6E1E-4D86-9604-57425594972A}"
EndProject
Project("{FAE04EC0-301F-11D3-BF4B-00C04F79EFBC}") = "DAL", "..\DAL\DAL.csproj", "{378A8978-7E56-4E11-891B-19CF2A23A141}"
EndProject
Project("{FAE04EC0-301F-11D3-BF4B-00C04F79EFBC}") = "BLL", "..\BLL\BLL.csproj", "{722E42A8-2D83-41F1-84BB-3AAE54BF52EC}"
EndProject
Project("{FAE04EC0-301F-11D3-BF4B-00C04F79EFBC}") = "Entity", "..\Entity\Entity.csproj", "{8DFEACDD-6344-4EA8-B8E5-AF97C143131E}"
EndProject
Project("{FAE04EC0-301F-11D3-BF4B-00C04F79EFBC}") = "IOC", "..\IOC\IOC.csproj", "{A3B1F54A-EE07-487A-A741-020E2274F0AA}"
EndProject
Global
	GlobalSection(SolutionConfigurationPlatforms) = preSolution
		Debug|Any CPU = Debug|Any CPU
		Release|Any CPU = Release|Any CPU
	EndGlobalSection
	GlobalSection(ProjectConfigurationPlatforms) = postSolution
		{50F06C58-6E1E-4D86-9604-57425594972A}.Debug|Any CPU.ActiveCfg = Debug|Any CPU
		{50F06C58-6E1E-4D86-9604-57425594972A}.Debug|Any CPU.Build.0 = Debug|Any CPU
		{50F06C58-6E1E-4D86-9604-57425594972A}.Release|Any CPU.ActiveCfg = Release|Any CPU
		{50F06C58-6E1E-4D86-9604-57425594972A}.Release|Any CPU.Build.0 = Release|Any CPU
		{378A8978-7E56-4E11-891B-19CF2A23A141}.Debug|Any CPU.ActiveCfg = Debug|Any CPU
		{378A8978-7E56-4E11-891B-19CF2A23A141}.Debug|Any CPU.Build.0 = Debug|Any CPU
		{378A8978-7E56-4E11-891B-19CF2A23A141}.Release|Any CPU.ActiveCfg = Release|Any CPU
		{378A8978-7E56-4E11-891B-19CF2A23A141}.Release|Any CPU.Build.0 = Release|Any CPU
		{722E42A8-2D83-41F1-84BB-3AAE54BF52EC}.Debug|Any CPU.ActiveCfg = Debug|Any CPU
		{722E42A8-2D83-41F1-84BB-3AAE54BF52EC}.Debug|Any CPU.Build.0 = Debug|Any CPU
		{722E42A8-2D83-41F1-84BB-3AAE54BF52EC}.Release|Any CPU.ActiveCfg = Release|Any CPU
		{722E42A8-2D83-41F1-84BB-3AAE54BF52EC}.Release|Any CPU.Build.0 = Release|Any CPU
		{8DFEACDD-6344-4EA8-B8E5-AF97C143131E}.Debug|Any CPU.ActiveCfg = Debug|Any CPU
		{8DFEACDD-6344-4EA8-B8E5-AF97C143131E}.Debug|Any CPU.Build.0 = Debug|Any CPU
		{8DFEACDD-6344-4EA8-B8E5-AF97C143131E}.Release|Any CPU.ActiveCfg = Release|Any CPU
		{8DFEACDD-6344-4EA8-B8E5-AF97C143131E}.Release|Any CPU.Build.0 = Release|Any CPU
		{A3B1F54A-EE07-487A-A741-020E2274F0AA}.Debug|Any CPU.ActiveCfg = Debug|Any CPU
		{A3B1F54A-EE07-487A-A741-020E2274F0AA}.Debug|Any CPU.Build.0 = Debug|Any CPU
		{A3B1F54A-EE07-487A-A741-020E2274F0AA}.Release|Any CPU.ActiveCfg = Release|Any CPU
		{A3B1F54A-EE07-487A-A741-020E2274F0AA}.Release|Any CPU.Build.0 = Release|Any CPU
	EndGlobalSection
	GlobalSection(SolutionProperties) = preSolution
		HideSolutionNode = FALSE
	EndGlobalSection
	GlobalSection(ExtensibilityGlobals) = postSolution
		SolutionGuid = {BFF6E47F-EF62-4ECA-A88D-D5B19804A3F3}
	EndGlobalSection
EndGlobal
